Version: 1 

Orient: R90
Pad: CORNER0          NW  CORNERD
Pad: ipad_clk_p_i     N   //35      
Pad: ipad_reset_n_i   N   //34            //8
Pad: ipad_CoreVDD1    N   VCCKD //33
Pad: ipad_CoreVSS1    N   GNDKD //32
Pad: ipad_data_a_i_0  N   //31            //7
Pad: ipad_data_a_i_1  N   //30            //6
Pad: ipad_data_a_i_2  N   //29            //5
Pad: ipad_data_a_i_3  N   //28            //4
Pad: ipad_data_a_i_4  N   //27            //3

Orient: R0 
Pad: CORNER1          NE  CORNERD
Pad: ipad_data_a_i_5  W   //3             //2
Pad: ipad_data_a_i_6  W   //2             //1
Pad: ipad_data_a_i_7  W   //1             //0
Pad: ipad_data_b_i_0  W   //40            //10
Pad: ipad_data_b_i_1  W   //39            //9
Pad: ipad_IOVDD1      W   VCC3IOD //38
Pad: ipad_IOVSS1      W   GNDIOD //37

Orient: R180
Pad: CORNER2          SW  CORNERD
Pad: ipad_data_o_0    S   //6                       //0
Pad: ipad_data_o_1    S   //7                       //1
Pad: ipad_data_o_2    S   //8                       //2
Pad: ipad_data_o_3    S   //9                       //3
Pad: ipad_CoreVSS2    S   GNDKD //10
Pad: ipad_CoreVDD2    S   VCCKD //11
Pad: ipad_data_o_4    S   //12                      //4
Pad: ipad_data_o_5    S   //13                      //5
Pad: ipad_data_o_6    S   //14                      //6
Pad: ipad_data_o_7    S   //15                      //7

Orient: R270
Pad: CORNER3          SE  CORNERD
Pad: ipad_data_o_8    E   //18                      //8
Pad: ipad_data_o_9    E   //19
Pad: ipad_data_o_10   E   //20
Pad: ipad_data_o_11   E   //21
Pad: ipad_IOVDD2      E   VCC3IOD //22
Pad: ipad_IOVSS2      E   GNDIOD //23
Pad: ipad_data_o_12   E   //24



